{
  "version": 4,
  "terraform_version": "1.14.8",
  "serial": 9,
  "lineage": "069457ed-6ae5-2b45-1391-5bf940f0ef1b",
  "outputs": {},
  "resources": [
    {
      "mode": "managed",
      "type": "google_artifact_registry_repository",
      "name": "backend_repo",
      "provider": "provider[\"registry.terraform.io/hashicorp/google\"]",
      "instances": [
        {
          "schema_version": 0,
          "attributes": {
            "cleanup_policies": [],
            "cleanup_policy_dry_run": false,
            "create_time": "2026-03-29T21:29:33.011369Z",
            "description": "Docker repository for the Clarity API",
            "docker_config": [],
            "effective_labels": {},
            "format": "DOCKER",
            "id": "projects/clarity-pm-assistant-gcp/locations/us-central1/repositories/clarity-backend",
            "kms_key_name": "",
            "labels": null,
            "location": "us-central1",
            "maven_config": [],
            "mode": "STANDARD_REPOSITORY",
            "name": "clarity-backend",
            "project": "clarity-pm-assistant-gcp",
            "remote_repository_config": [],
            "repository_id": "clarity-backend",
            "terraform_labels": {},
            "timeouts": null,
            "update_time": "2026-03-29T21:29:33.011369Z",
            "virtual_repository_config": []
          },
          "sensitive_attributes": [],
          "identity_schema_version": 0,
          "private": "eyJlMmJmYjczMC1lY2FhLTExZTYtOGY4OC0zNDM2M2JjN2M0YzAiOnsiY3JlYXRlIjoxMjAwMDAwMDAwMDAwLCJkZWxldGUiOjEyMDAwMDAwMDAwMDAsInVwZGF0ZSI6MTIwMDAwMDAwMDAwMH19",
          "dependencies": [
            "google_project_service.artifactregistry_api"
          ]
        }
      ]
    },
    {
      "mode": "managed",
      "type": "google_cloud_run_v2_service",
      "name": "api_service",
      "provider": "provider[\"registry.terraform.io/hashicorp/google\"]",
      "instances": [
        {
          "schema_version": 0,
          "attributes": {
            "annotations": null,
            "binary_authorization": [],
            "client": "",
            "client_version": "",
            "conditions": [
              {
                "execution_reason": "",
                "last_transition_time": "2026-03-29T21:29:36.466332Z",
                "message": "",
                "reason": "",
                "revision_reason": "",
                "severity": "",
                "state": "CONDITION_SUCCEEDED",
                "type": "RoutesReady"
              },
              {
                "execution_reason": "",
                "last_transition_time": "2026-03-29T21:29:33.354768Z",
                "message": "",
                "reason": "",
                "revision_reason": "",
                "severity": "",
                "state": "CONDITION_SUCCEEDED",
                "type": "ConfigurationsReady"
              }
            ],
            "create_time": "2026-03-29T21:29:32.498793Z",
            "creator": "joshuaemery560@gmail.com",
            "custom_audiences": null,
            "delete_time": "",
            "description": "",
            "effective_annotations": {},
            "effective_labels": {},
            "etag": "\"CLyzps4GEKj06-0B/cHJvamVjdHMvY2xhcml0eS1wbS1hc3Npc3RhbnQtZ2NwL2xvY2F0aW9ucy91cy1jZW50cmFsMS9zZXJ2aWNlcy9jbGFyaXR5LWFwaQ\"",
            "expire_time": "",
            "generation": "1",
            "id": "projects/clarity-pm-assistant-gcp/locations/us-central1/services/clarity-api",
            "ingress": "INGRESS_TRAFFIC_ALL",
            "labels": null,
            "last_modifier": "joshuaemery560@gmail.com",
            "latest_created_revision": "projects/clarity-pm-assistant-gcp/locations/us-central1/services/clarity-api/revisions/clarity-api-00001-567",
            "latest_ready_revision": "projects/clarity-pm-assistant-gcp/locations/us-central1/services/clarity-api/revisions/clarity-api-00001-567",
            "launch_stage": "GA",
            "location": "us-central1",
            "name": "clarity-api",
            "observed_generation": "1",
            "project": "clarity-pm-assistant-gcp",
            "reconciling": false,
            "template": [
              {
                "annotations": null,
                "containers": [
                  {
                    "args": null,
                    "command": null,
                    "depends_on": null,
                    "env": [
                      {
                        "name": "NODE_ENV",
                        "value": "production",
                        "value_source": []
                      }
                    ],
                    "image": "us-docker.pkg.dev/cloudrun/container/hello",
                    "liveness_probe": [],
                    "name": "",
                    "ports": [
                      {
                        "container_port": 8080,
                        "name": "http1"
                      }
                    ],
                    "resources": [
                      {
                        "cpu_idle": true,
                        "limits": {
                          "cpu": "1000m",
                          "memory": "512Mi"
                        },
                        "startup_cpu_boost": false
                      }
                    ],
                    "startup_probe": [
                      {
                        "failure_threshold": 1,
                        "grpc": [],
                        "http_get": [],
                        "initial_delay_seconds": 0,
                        "period_seconds": 240,
                        "tcp_socket": [
                          {
                            "port": 8080
                          }
                        ],
                        "timeout_seconds": 240
                      }
                    ],
                    "volume_mounts": [],
                    "working_dir": ""
                  }
                ],
                "encryption_key": "",
                "execution_environment": "",
                "labels": null,
                "max_instance_request_concurrency": 80,
                "revision": "",
                "scaling": [],
                "service_account": "132738195526-compute@developer.gserviceaccount.com",
                "session_affinity": false,
                "timeout": "300s",
                "volumes": [],
                "vpc_access": []
              }
            ],
            "terminal_condition": [
              {
                "execution_reason": "",
                "last_transition_time": "2026-03-29T21:29:36.496643Z",
                "message": "",
                "reason": "",
                "revision_reason": "",
                "severity": "",
                "state": "CONDITION_SUCCEEDED",
                "type": "Ready"
              }
            ],
            "terraform_labels": {},
            "timeouts": null,
            "traffic": [
              {
                "percent": 100,
                "revision": "",
                "tag": "",
                "type": "TRAFFIC_TARGET_ALLOCATION_TYPE_LATEST"
              }
            ],
            "traffic_statuses": [
              {
                "percent": 100,
                "revision": "",
                "tag": "",
                "type": "TRAFFIC_TARGET_ALLOCATION_TYPE_LATEST",
                "uri": ""
              }
            ],
            "uid": "1eb03a54-1151-433b-93e8-d62162af560f",
            "update_time": "2026-03-29T21:29:32.498793Z",
            "uri": "https://clarity-api-tkvjxrss3q-uc.a.run.app"
          },
          "sensitive_attributes": [],
          "identity_schema_version": 0,
          "private": "eyJlMmJmYjczMC1lY2FhLTExZTYtOGY4OC0zNDM2M2JjN2M0YzAiOnsiY3JlYXRlIjoxMjAwMDAwMDAwMDAwLCJkZWxldGUiOjEyMDAwMDAwMDAwMDAsInVwZGF0ZSI6MTIwMDAwMDAwMDAwMH19",
          "dependencies": [
            "google_project_service.cloudrun_api"
          ]
        }
      ]
    },
    {
      "mode": "managed",
      "type": "google_cloud_run_v2_service_iam_member",
      "name": "public_access",
      "provider": "provider[\"registry.terraform.io/hashicorp/google\"]",
      "instances": [
        {
          "schema_version": 0,
          "attributes": {
            "condition": [],
            "etag": "BwZOMG69ZbY=",
            "id": "projects/clarity-pm-assistant-gcp/locations/us-central1/services/clarity-api/roles/run.invoker/allUsers",
            "location": "us-central1",
            "member": "allUsers",
            "name": "projects/clarity-pm-assistant-gcp/locations/us-central1/services/clarity-api",
            "project": "clarity-pm-assistant-gcp",
            "role": "roles/run.invoker"
          },
          "sensitive_attributes": [],
          "identity_schema_version": 0,
          "private": "bnVsbA==",
          "dependencies": [
            "google_cloud_run_v2_service.api_service",
            "google_project_service.cloudrun_api"
          ]
        }
      ]
    },
    {
      "mode": "managed",
      "type": "google_project_service",
      "name": "artifactregistry_api",
      "provider": "provider[\"registry.terraform.io/hashicorp/google\"]",
      "instances": [
        {
          "schema_version": 0,
          "attributes": {
            "disable_dependent_services": null,
            "disable_on_destroy": false,
            "id": "clarity-pm-assistant-gcp/artifactregistry.googleapis.com",
            "project": "clarity-pm-assistant-gcp",
            "service": "artifactregistry.googleapis.com",
            "timeouts": null
          },
          "sensitive_attributes": [],
          "identity_schema_version": 0,
          "private": "eyJlMmJmYjczMC1lY2FhLTExZTYtOGY4OC0zNDM2M2JjN2M0YzAiOnsiY3JlYXRlIjoxMjAwMDAwMDAwMDAwLCJkZWxldGUiOjEyMDAwMDAwMDAwMDAsInJlYWQiOjYwMDAwMDAwMDAwMCwidXBkYXRlIjoxMjAwMDAwMDAwMDAwfX0="
        }
      ]
    },
    {
      "mode": "managed",
      "type": "google_project_service",
      "name": "cloudrun_api",
      "provider": "provider[\"registry.terraform.io/hashicorp/google\"]",
      "instances": [
        {
          "schema_version": 0,
          "attributes": {
            "disable_dependent_services": null,
            "disable_on_destroy": false,
            "id": "clarity-pm-assistant-gcp/run.googleapis.com",
            "project": "clarity-pm-assistant-gcp",
            "service": "run.googleapis.com",
            "timeouts": null
          },
          "sensitive_attributes": [],
          "identity_schema_version": 0,
          "private": "eyJlMmJmYjczMC1lY2FhLTExZTYtOGY4OC0zNDM2M2JjN2M0YzAiOnsiY3JlYXRlIjoxMjAwMDAwMDAwMDAwLCJkZWxldGUiOjEyMDAwMDAwMDAwMDAsInJlYWQiOjYwMDAwMDAwMDAwMCwidXBkYXRlIjoxMjAwMDAwMDAwMDAwfX0="
        }
      ]
    }
  ],
  "check_results": null
}
